// !$*UTF8*$!
{
	archiveVersion = 1;
	classes = {
	};
	objectVersion = 77;
	objects = {

/* Begin PBXBuildFile section */
		0FE7BD53112E2D7C980DA5E9 /* Pods_Task_FortressTests.framework in Frameworks */ = {isa = PBXBuildFile; fileRef = 420C3F69E5A9B0DB3D843483 /* Pods_Task_FortressTests.framework */; };
		B5EBD0071D0C60860EE0C72C /* Pods_Task_Fortress_Task_FortressUITests.framework in Frameworks */ = {isa = PBXBuildFile; fileRef = D15BD661F61AFFCE21705F95 /* Pods_Task_Fortress_Task_FortressUITests.framework */; };
		F53E7099B1AF90EA944C9B4B /* Pods_Task_Fortress.framework in Frameworks */ = {isa = PBXBuildFile; fileRef = 3ADAFFB8BCCBEF7B48B0B0CC /* Pods_Task_Fortress.framework */; };
/* End PBXBuildFile section */

/* Begin PBXContainerItemProxy section */
		06E45C632DBE88E400278C99 /* PBXContainerItemProxy */ = {
			isa = PBXContainerItemProxy;
			containerPortal = 06E45C4D2DBE88E300278C99 /* Project object */;
			proxyType = 1;
			remoteGlobalIDString = 06E45C542DBE88E300278C99;
			remoteInfo = "Task Fortress";
		};
		06E45C6D2DBE88E400278C99 /* PBXContainerItemProxy */ = {
			isa = PBXContainerItemProxy;
			containerPortal = 06E45C4D2DBE88E300278C99 /* Project object */;
			proxyType = 1;
			remoteGlobalIDString = 06E45C542DBE88E300278C99;
			remoteInfo = "Task Fortress";
		};
/* End PBXContainerItemProxy section */

/* Begin PBXFileReference section */
		06E45C552DBE88E300278C99 /* Task Fortress.app */ = {isa = PBXFileReference; explicitFileType = wrapper.application; includeInIndex = 0; path = "Task Fortress.app"; sourceTree = BUILT_PRODUCTS_DIR; };
		06E45C622DBE88E400278C99 /* Task FortressTests.xctest */ = {isa = PBXFileReference; explicitFileType = wrapper.cfbundle; includeInIndex = 0; path = "Task FortressTests.xctest"; sourceTree = BUILT_PRODUCTS_DIR; };
		06E45C6C2DBE88E400278C99 /* Task FortressUITests.xctest */ = {isa = PBXFileReference; explicitFileType = wrapper.cfbundle; includeInIndex = 0; path = "Task FortressUITests.xctest"; sourceTree = BUILT_PRODUCTS_DIR; };
		22DB4CA738CD2E689EE9ABAA /* Pods-Task Fortress.release.xcconfig */ = {isa = PBXFileReference; includeInIndex = 1; lastKnownFileType = text.xcconfig; name = "Pods-Task Fortress.release.xcconfig"; path = "Target Support Files/Pods-Task Fortress/Pods-Task Fortress.release.xcconfig"; sourceTree = "<group>"; };
		3ADAFFB8BCCBEF7B48B0B0CC /* Pods_Task_Fortress.framework */ = {isa = PBXFileReference; explicitFileType = wrapper.framework; includeInIndex = 0; path = Pods_Task_Fortress.framework; sourceTree = BUILT_PRODUCTS_DIR; };
		420C3F69E5A9B0DB3D843483 /* Pods_Task_FortressTests.framework */ = {isa = PBXFileReference; explicitFileType = wrapper.framework; includeInIndex = 0; path = Pods_Task_FortressTests.framework; sourceTree = BUILT_PRODUCTS_DIR; };
		6696273E0A6CF422D38A3951 /* Pods-Task Fortress-Task FortressUITests.release.xcconfig */ = {isa = PBXFileReference; includeInIndex = 1; lastKnownFileType = text.xcconfig; name = "Pods-Task Fortress-Task FortressUITests.release.xcconfig"; path = "Target Support Files/Pods-Task Fortress-Task FortressUITests/Pods-Task Fortress-Task FortressUITests.release.xcconfig"; sourceTree = "<group>"; };
		81D949D4BBA1A08797955D43 /* Pods-Task FortressTests.release.xcconfig */ = {isa = PBXFileReference; includeInIndex = 1; lastKnownFileType = text.xcconfig; name = "Pods-Task FortressTests.release.xcconfig"; path = "Target Support Files/Pods-Task FortressTests/Pods-Task FortressTests.release.xcconfig"; sourceTree = "<group>"; };
		A011FB4CCF32B9B998B41DF6 /* Pods-Task Fortress-Task FortressUITests.debug.xcconfig */ = {isa = PBXFileReference; includeInIndex = 1; lastKnownFileType = text.xcconfig; name = "Pods-Task Fortress-Task FortressUITests.debug.xcconfig"; path = "Target Support Files/Pods-Task Fortress-Task FortressUITests/Pods-Task Fortress-Task FortressUITests.debug.xcconfig"; sourceTree = "<group>"; };
		B66E89846735A950FB2C61EB /* Pods-Task FortressTests.debug.xcconfig */ = {isa = PBXFileReference; includeInIndex = 1; lastKnownFileType = text.xcconfig; name = "Pods-Task FortressTests.debug.xcconfig"; path = "Target Support Files/Pods-Task FortressTests/Pods-Task FortressTests.debug.xcconfig"; sourceTree = "<group>"; };
		D15BD661F61AFFCE21705F95 /* Pods_Task_Fortress_Task_FortressUITests.framework */ = {isa = PBXFileReference; explicitFileType = wrapper.framework; includeInIndex = 0; path = Pods_Task_Fortress_Task_FortressUITests.framework; sourceTree = BUILT_PRODUCTS_DIR; };
		E93FE765A3301F1F8A174820 /* Pods-Task Fortress.debug.xcconfig */ = {isa = PBXFileReference; includeInIndex = 1; lastKnownFileType = text.xcconfig; name = "Pods-Task Fortress.debug.xcconfig"; path = "Target Support Files/Pods-Task Fortress/Pods-Task Fortress.debug.xcconfig"; sourceTree = "<group>"; };
/* End PBXFileReference section */

/* Begin PBXFileSystemSynchronizedRootGroup section */
		06E45C572DBE88E300278C99 /* Task Fortress */ = {
			isa = PBXFileSystemSynchronizedRootGroup;
			exceptions = (
			);
			path = "Task Fortress";
			sourceTree = "<group>";
		};
		06E45C652DBE88E400278C99 /* Task FortressTests */ = {
			isa = PBXFileSystemSynchronizedRootGroup;
			exceptions = (
			);
			path = "Task FortressTests";
			sourceTree = "<group>";
		};
		06E45C6F2DBE88E400278C99 /* Task FortressUITests */ = {
			isa = PBXFileSystemSynchronizedRootGroup;
			exceptions = (
			);
			path = "Task FortressUITests";
			sourceTree = "<group>";
		};
/* End PBXFileSystemSynchronizedRootGroup section */

/* Begin PBXFrameworksBuildPhase section */
		06E45C522DBE88E300278C99 /* Frameworks */ = {
			isa = PBXFrameworksBuildPhase;
			buildActionMask = 2147483647;
			files = (
				F53E7099B1AF90EA944C9B4B /* Pods_Task_Fortress.framework in Frameworks */,
			);
			runOnlyForDeploymentPostprocessing = 0;
		};
		06E45C5F2DBE88E400278C99 /* Frameworks */ = {
			isa = PBXFrameworksBuildPhase;
			buildActionMask = 2147483647;
			files = (
				0FE7BD53112E2D7C980DA5E9 /* Pods_Task_FortressTests.framework in Frameworks */,
			);
			runOnlyForDeploymentPostprocessing = 0;
		};
		06E45C692DBE88E400278C99 /* Frameworks */ = {
			isa = PBXFrameworksBuildPhase;
			buildActionMask = 2147483647;
			files = (
				B5EBD0071D0C60860EE0C72C /* Pods_Task_Fortress_Task_FortressUITests.framework in Frameworks */,
			);
			runOnlyForDeploymentPostprocessing = 0;
		};
/* End PBXFrameworksBuildPhase section */

/* Begin PBXGroup section */
		06E45C4C2DBE88E300278C99 = {
			isa = PBXGroup;
			children = (
				06E45C572DBE88E300278C99 /* Task Fortress */,
				06E45C652DBE88E400278C99 /* Task FortressTests */,
				06E45C6F2DBE88E400278C99 /* Task FortressUITests */,
				06E45C562DBE88E300278C99 /* Products */,
				F27D5BE3C47C8B3FD7A7E650 /* Pods */,
				4C777A5F7E6C031C1C60630F /* Frameworks */,
			);
			sourceTree = "<group>";
		};
		06E45C562DBE88E300278C99 /* Products */ = {
			isa = PBXGroup;
			children = (
				06E45C552DBE88E300278C99 /* Task Fortress.app */,
				06E45C622DBE88E400278C99 /* Task FortressTests.xctest */,
				06E45C6C2DBE88E400278C99 /* Task FortressUITests.xctest */,
			);
			name = Products;
			sourceTree = "<group>";
		};
		4C777A5F7E6C031C1C60630F /* Frameworks */ = {
			isa = PBXGroup;
			children = (
				3ADAFFB8BCCBEF7B48B0B0CC /* Pods_Task_Fortress.framework */,
				D15BD661F61AFFCE21705F95 /* Pods_Task_Fortress_Task_FortressUITests.framework */,
				420C3F69E5A9B0DB3D843483 /* Pods_Task_FortressTests.framework */,
			);
			name = Frameworks;
			sourceTree = "<group>";
		};
		F27D5BE3C47C8B3FD7A7E650 /* Pods */ = {
			isa = PBXGroup;
			children = (
				E93FE765A3301F1F8A174820 /* Pods-Task Fortress.debug.xcconfig */,
				22DB4CA738CD2E689EE9ABAA /* Pods-Task Fortress.release.xcconfig */,
				A011FB4CCF32B9B998B41DF6 /* Pods-Task Fortress-Task FortressUITests.debug.xcconfig */,
				6696273E0A6CF422D38A3951 /* Pods-Task Fortress-Task FortressUITests.release.xcconfig */,
				B66E89846735A950FB2C61EB /* Pods-Task FortressTests.debug.xcconfig */,
				81D949D4BBA1A08797955D43 /* Pods-Task FortressTests.release.xcconfig */,
			);
			name = Pods;
			path = Pods;
			sourceTree = "<group>";
		};
/* End PBXGroup section */

/* Begin PBXNativeTarget section */
		06E45C542DBE88E300278C99 /* Task Fortress */ = {
			isa = PBXNativeTarget;
			buildConfigurationList = 06E45C762DBE88E400278C99 /* Build configuration list for PBXNativeTarget "Task Fortress" */;
			buildPhases = (
				80FCA54B3D157EB14C0B334E /* [CP] Check Pods Manifest.lock */,
				06E45C512DBE88E300278C99 /* Sources */,
				06E45C522DBE88E300278C99 /* Frameworks */,
				06E45C532DBE88E300278C99 /* Resources */,
			);
			buildRules = (
			);
			dependencies = (
			);
			fileSystemSynchronizedGroups = (
				06E45C572DBE88E300278C99 /* Task Fortress */,
			);
			name = "Task Fortress";
			productName = "Task Fortress";
			productReference = 06E45C552DBE88E300278C99 /* Task Fortress.app */;
			productType = "com.apple.product-type.application";
		};
		06E45C612DBE88E400278C99 /* Task FortressTests */ = {
			isa = PBXNativeTarget;
			buildConfigurationList = 06E45C792DBE88E400278C99 /* Build configuration list for PBXNativeTarget "Task FortressTests" */;
			buildPhases = (
				C496FBA6ED8FAA2BAE1AB665 /* [CP] Check Pods Manifest.lock */,
				06E45C5E2DBE88E400278C99 /* Sources */,
				06E45C5F2DBE88E400278C99 /* Frameworks */,
				06E45C602DBE88E400278C99 /* Resources */,
			);
			buildRules = (
			);
			dependencies = (
				06E45C642DBE88E400278C99 /* PBXTargetDependency */,
			);
			fileSystemSynchronizedGroups = (
				06E45C652DBE88E400278C99 /* Task FortressTests */,
			);
			name = "Task FortressTests";
			productName = "Task FortressTests";
			productReference = 06E45C622DBE88E400278C99 /* Task FortressTests.xctest */;
			productType = "com.apple.product-type.bundle.unit-test";
		};
		06E45C6B2DBE88E400278C99 /* Task FortressUITests */ = {
			isa = PBXNativeTarget;
			buildConfigurationList = 06E45C7C2DBE88E400278C99 /* Build configuration list for PBXNativeTarget "Task FortressUITests" */;
			buildPhases = (
				B6999D1C908F6CDFFDEDB5DE /* [CP] Check Pods Manifest.lock */,
				06E45C682DBE88E400278C99 /* Sources */,
				06E45C692DBE88E400278C99 /* Frameworks */,
				06E45C6A2DBE88E400278C99 /* Resources */,
			);
			buildRules = (
			);
			dependencies = (
				06E45C6E2DBE88E400278C99 /* PBXTargetDependency */,
			);
			fileSystemSynchronizedGroups = (
				06E45C6F2DBE88E400278C99 /* Task FortressUITests */,
			);
			name = "Task FortressUITests";
			productName = "Task FortressUITests";
			productReference = 06E45C6C2DBE88E400278C99 /* Task FortressUITests.xctest */;
			productType = "com.apple.product-type.bundle.ui-testing";
		};
/* End PBXNativeTarget section */

/* Begin PBXProject section */
		06E45C4D2DBE88E300278C99 /* Project object */ = {
			isa = PBXProject;
			attributes = {
				BuildIndependentTargetsInParallel = 1;
				LastSwiftUpdateCheck = 1630;
				LastUpgradeCheck = 1630;
				TargetAttributes = {
					06E45C542DBE88E300278C99 = {
						CreatedOnToolsVersion = 16.3;
					};
					06E45C612DBE88E400278C99 = {
						CreatedOnToolsVersion = 16.3;
						TestTargetID = 06E45C542DBE88E300278C99;
					};
					06E45C6B2DBE88E400278C99 = {
						CreatedOnToolsVersion = 16.3;
						TestTargetID = 06E45C542DBE88E300278C99;
					};
				};
			};
			buildConfigurationList = 06E45C502DBE88E300278C99 /* Build configuration list for PBXProject "Task Fortress" */;
			developmentRegion = en;
			hasScannedForEncodings = 0;
			knownRegions = (
				en,
				Base,
			);
			mainGroup = 06E45C4C2DBE88E300278C99;
			minimizedProjectReferenceProxies = 1;
			preferredProjectObjectVersion = 77;
			productRefGroup = 06E45C562DBE88E300278C99 /* Products */;
			projectDirPath = "";
			projectRoot = "";
			targets = (
				06E45C542DBE88E300278C99 /* Task Fortress */,
				06E45C612DBE88E400278C99 /* Task FortressTests */,
				06E45C6B2DBE88E400278C99 /* Task FortressUITests */,
			);
		};
/* End PBXProject section */

/* Begin PBXResourcesBuildPhase section */
		06E45C532DBE88E300278C99 /* Resources */ = {
			isa = PBXResourcesBuildPhase;
			buildActionMask = 2147483647;
			files = (
			);
			runOnlyForDeploymentPostprocessing = 0;
		};
		06E45C602DBE88E400278C99 /* Resources */ = {
			isa = PBXResourcesBuildPhase;
			buildActionMask = 2147483647;
			files = (
			);
			runOnlyForDeploymentPostprocessing = 0;
		};
		06E45C6A2DBE88E400278C99 /* Resources */ = {
			isa = PBXResourcesBuildPhase;
			buildActionMask = 2147483647;
			files = (
			);
			runOnlyForDeploymentPostprocessing = 0;
		};
/* End PBXResourcesBuildPhase section */

/* Begin PBXShellScriptBuildPhase section */
		80FCA54B3D157EB14C0B334E /* [CP] Check Pods Manifest.lock */ = {
			isa = PBXShellScriptBuildPhase;
			buildActionMask = 2147483647;
			files = (
			);
			inputFileListPaths = (
			);
			inputPaths = (
				"${PODS_PODFILE_DIR_PATH}/Podfile.lock",
				"${PODS_ROOT}/Manifest.lock",
			);
			name = "[CP] Check Pods Manifest.lock";
			outputFileListPaths = (
			);
			outputPaths = (
				"$(DERIVED_FILE_DIR)/Pods-Task Fortress-checkManifestLockResult.txt",
			);
			runOnlyForDeploymentPostprocessing = 0;
			shellPath = /bin/sh;
			shellScript = "diff \"${PODS_PODFILE_DIR_PATH}/Podfile.lock\" \"${PODS_ROOT}/Manifest.lock\" > /dev/null\nif [ $? != 0 ] ; then\n    # print error to STDERR\n    echo \"error: The sandbox is not in sync with the Podfile.lock. Run 'pod install' or update your CocoaPods installation.\" >&2\n    exit 1\nfi\n# This output is used by Xcode 'outputs' to avoid re-running this script phase.\necho \"SUCCESS\" > \"${SCRIPT_OUTPUT_FILE_0}\"\n";
			showEnvVarsInLog = 0;
		};
		B6999D1C908F6CDFFDEDB5DE /* [CP] Check Pods Manifest.lock */ = {
			isa = PBXShellScriptBuildPhase;
			buildActionMask = 2147483647;
			files = (
			);
			inputFileListPaths = (
			);
			inputPaths = (
				"${PODS_PODFILE_DIR_PATH}/Podfile.lock",
				"${PODS_ROOT}/Manifest.lock",
			);
			name = "[CP] Check Pods Manifest.lock";
			outputFileListPaths = (
			);
			outputPaths = (
				"$(DERIVED_FILE_DIR)/Pods-Task Fortress-Task FortressUITests-checkManifestLockResult.txt",
			);
			runOnlyForDeploymentPostprocessing = 0;
			shellPath = /bin/sh;
			shellScript = "diff \"${PODS_PODFILE_DIR_PATH}/Podfile.lock\" \"${PODS_ROOT}/Manifest.lock\" > /dev/null\nif [ $? != 0 ] ; then\n    # print error to STDERR\n    echo \"error: The sandbox is not in sync with the Podfile.lock. Run 'pod install' or update your CocoaPods installation.\" >&2\n    exit 1\nfi\n# This output is used by Xcode 'outputs' to avoid re-running this script phase.\necho \"SUCCESS\" > \"${SCRIPT_OUTPUT_FILE_0}\"\n";
			showEnvVarsInLog = 0;
		};
		C496FBA6ED8FAA2BAE1AB665 /* [CP] Check Pods Manifest.lock */ = {
			isa = PBXShellScriptBuildPhase;
			buildActionMask = 2147483647;
			files = (
			);
			inputFileListPaths = (
			);
			inputPaths = (
				"${PODS_PODFILE_DIR_PATH}/Podfile.lock",
				"${PODS_ROOT}/Manifest.lock",
			);
			name = "[CP] Check Pods Manifest.lock";
			outputFileListPaths = (
			);
			outputPaths = (
				"$(DERIVED_FILE_DIR)/Pods-Task FortressTests-checkManifestLockResult.txt",
			);
			runOnlyForDeploymentPostprocessing = 0;
			shellPath = /bin/sh;
			shellScript = "diff \"${PODS_PODFILE_DIR_PATH}/Podfile.lock\" \"${PODS_ROOT}/Manifest.lock\" > /dev/null\nif [ $? != 0 ] ; then\n    # print error to STDERR\n    echo \"error: The sandbox is not in sync with the Podfile.lock. Run 'pod install' or update your CocoaPods installation.\" >&2\n    exit 1\nfi\n# This output is used by Xcode 'outputs' to avoid re-running this script phase.\necho \"SUCCESS\" > \"${SCRIPT_OUTPUT_FILE_0}\"\n";
			showEnvVarsInLog = 0;
		};
/* End PBXShellScriptBuildPhase section */

/* Begin PBXSourcesBuildPhase section */
		06E45C512DBE88E300278C99 /* Sources */ = {
			isa = PBXSourcesBuildPhase;
			buildActionMask = 2147483647;
			files = (
			);
			runOnlyForDeploymentPostprocessing = 0;
		};
		06E45C5E2DBE88E400278C99 /* Sources */ = {
			isa = PBXSourcesBuildPhase;
			buildActionMask = 2147483647;
			files = (
			);
			runOnlyForDeploymentPostprocessing = 0;
		};
		06E45C682DBE88E400278C99 /* Sources */ = {
			isa = PBXSourcesBuildPhase;
			buildActionMask = 2147483647;
			files = (
			);
			runOnlyForDeploymentPostprocessing = 0;
		};
/* End PBXSourcesBuildPhase section */

/* Begin PBXTargetDependency section */
		06E45C642DBE88E400278C99 /* PBXTargetDependency */ = {
			isa = PBXTargetDependency;
			target = 06E45C542DBE88E300278C99 /* Task Fortress */;
			targetProxy = 06E45C632DBE88E400278C99 /* PBXContainerItemProxy */;
		};
		06E45C6E2DBE88E400278C99 /* PBXTargetDependency */ = {
			isa = PBXTargetDependency;
			target = 06E45C542DBE88E300278C99 /* Task Fortress */;
			targetProxy = 06E45C6D2DBE88E400278C99 /* PBXContainerItemProxy */;
		};
/* End PBXTargetDependency section */

/* Begin XCBuildConfiguration section */
		06E45C742DBE88E400278C99 /* Debug */ = {
			isa = XCBuildConfiguration;
			buildSettings = {
				ALWAYS_SEARCH_USER_PATHS = NO;
				ASSETCATALOG_COMPILER_GENERATE_SWIFT_ASSET_SYMBOL_EXTENSIONS = YES;
				CLANG_ANALYZER_NONNULL = YES;
				CLANG_ANALYZER_NUMBER_OBJECT_CONVERSION = YES_AGGRESSIVE;
				CLANG_CXX_LANGUAGE_STANDARD = "gnu++20";
				CLANG_ENABLE_MODULES = YES;
				CLANG_ENABLE_OBJC_ARC = YES;
				CLANG_ENABLE_OBJC_WEAK = YES;
				CLANG_WARN_BLOCK_CAPTURE_AUTORELEASING = YES;
				CLANG_WARN_BOOL_CONVERSION = YES;
				CLANG_WARN_COMMA = YES;
				CLANG_WARN_CONSTANT_CONVERSION = YES;
				CLANG_WARN_DEPRECATED_OBJC_IMPLEMENTATIONS = YES;
				CLANG_WARN_DIRECT_OBJC_ISA_USAGE = YES_ERROR;
				CLANG_WARN_DOCUMENTATION_COMMENTS = YES;
				CLANG_WARN_EMPTY_BODY = YES;
				CLANG_WARN_ENUM_CONVERSION = YES;
				CLANG_WARN_INFINITE_RECURSION = YES;
				CLANG_WARN_INT_CONVERSION = YES;
				CLANG_WARN_NON_LITERAL_NULL_CONVERSION = YES;
				CLANG_WARN_OBJC_IMPLICIT_RETAIN_SELF = YES;
				CLANG_WARN_OBJC_LITERAL_CONVERSION = YES;
				CLANG_WARN_OBJC_ROOT_CLASS = YES_ERROR;
				CLANG_WARN_QUOTED_INCLUDE_IN_FRAMEWORK_HEADER = YES;
				CLANG_WARN_RANGE_LOOP_ANALYSIS = YES;
				CLANG_WARN_STRICT_PROTOTYPES = YES;
				CLANG_WARN_SUSPICIOUS_MOVE = YES;
				CLANG_WARN_UNGUARDED_AVAILABILITY = YES_AGGRESSIVE;
				CLANG_WARN_UNREACHABLE_CODE = YES;
				CLANG_WARN__DUPLICATE_METHOD_MATCH = YES;
				COPY_PHASE_STRIP = NO;
				DEBUG_INFORMATION_FORMAT = dwarf;
				DEVELOPMENT_TEAM = 3UVAFC82ET;
				ENABLE_STRICT_OBJC_MSGSEND = YES;
				ENABLE_TESTABILITY = YES;
				ENABLE_USER_SCRIPT_SANDBOXING = YES;
				GCC_C_LANGUAGE_STANDARD = gnu17;
				GCC_DYNAMIC_NO_PIC = NO;
				GCC_NO_COMMON_BLOCKS = YES;
				GCC_OPTIMIZATION_LEVEL = 0;
				GCC_PREPROCESSOR_DEFINITIONS = (
					"DEBUG=1",
					"$(inherited)",
				);
				GCC_WARN_64_TO_32_BIT_CONVERSION = YES;
				GCC_WARN_ABOUT_RETURN_TYPE = YES_ERROR;
				GCC_WARN_UNDECLARED_SELECTOR = YES;
				GCC_WARN_UNINITIALIZED_AUTOS = YES_AGGRESSIVE;
				GCC_WARN_UNUSED_FUNCTION = YES;
				GCC_WARN_UNUSED_VARIABLE = YES;
				IPHONEOS_DEPLOYMENT_TARGET = 18.4;
				LOCALIZATION_PREFERS_STRING_CATALOGS = YES;
				MTL_ENABLE_DEBUG_INFO = INCLUDE_SOURCE;
				MTL_FAST_MATH = YES;
				ONLY_ACTIVE_ARCH = YES;
				SDKROOT = iphoneos;
				SWIFT_ACTIVE_COMPILATION_CONDITIONS = "DEBUG $(inherited)";
				SWIFT_OPTIMIZATION_LEVEL = "-Onone";
			};
			name = Debug;
		};
		06E45C752DBE88E400278C99 /* Release */ = {
			isa = XCBuildConfiguration;
			buildSettings = {
				ALWAYS_SEARCH_USER_PATHS = NO;
				ASSETCATALOG_COMPILER_GENERATE_SWIFT_ASSET_SYMBOL_EXTENSIONS = YES;
				CLANG_ANALYZER_NONNULL = YES;
				CLANG_ANALYZER_NUMBER_OBJECT_CONVERSION = YES_AGGRESSIVE;
				CLANG_CXX_LANGUAGE_STANDARD = "gnu++20";
				CLANG_ENABLE_MODULES = YES;
				CLANG_ENABLE_OBJC_ARC = YES;
				CLANG_ENABLE_OBJC_WEAK = YES;
				CLANG_WARN_BLOCK_CAPTURE_AUTORELEASING = YES;
				CLANG_WARN_BOOL_CONVERSION = YES;
				CLANG_WARN_COMMA = YES;
				CLANG_WARN_CONSTANT_CONVERSION = YES;
				CLANG_WARN_DEPRECATED_OBJC_IMPLEMENTATIONS = YES;
				CLANG_WARN_DIRECT_OBJC_ISA_USAGE = YES_ERROR;
				CLANG_WARN_DOCUMENTATION_COMMENTS = YES;
				CLANG_WARN_EMPTY_BODY = YES;
				CLANG_WARN_ENUM_CONVERSION = YES;
				CLANG_WARN_INFINITE_RECURSION = YES;
				CLANG_WARN_INT_CONVERSION = YES;
				CLANG_WARN_NON_LITERAL_NULL_CONVERSION = YES;
				CLANG_WARN_OBJC_IMPLICIT_RETAIN_SELF = YES;
				CLANG_WARN_OBJC_LITERAL_CONVERSION = YES;
				CLANG_WARN_OBJC_ROOT_CLASS = YES_ERROR;
				CLANG_WARN_QUOTED_INCLUDE_IN_FRAMEWORK_HEADER = YES;
				CLANG_WARN_RANGE_LOOP_ANALYSIS = YES;
				CLANG_WARN_STRICT_PROTOTYPES = YES;
				CLANG_WARN_SUSPICIOUS_MOVE = YES;
				CLANG_WARN_UNGUARDED_AVAILABILITY = YES_AGGRESSIVE;
				CLANG_WARN_UNREACHABLE_CODE = YES;
				CLANG_WARN__DUPLICATE_METHOD_MATCH = YES;
				COPY_PHASE_STRIP = NO;
				DEBUG_INFORMATION_FORMAT = "dwarf-with-dsym";
				DEVELOPMENT_TEAM = 3UVAFC82ET;
				ENABLE_NS_ASSERTIONS = NO;
				ENABLE_STRICT_OBJC_MSGSEND = YES;
				ENABLE_USER_SCRIPT_SANDBOXING = YES;
				GCC_C_LANGUAGE_STANDARD = gnu17;
				GCC_NO_COMMON_BLOCKS = YES;
				GCC_WARN_64_TO_32_BIT_CONVERSION = YES;
				GCC_WARN_ABOUT_RETURN_TYPE = YES_ERROR;
				GCC_WARN_UNDECLARED_SELECTOR = YES;
				GCC_WARN_UNINITIALIZED_AUTOS = YES_AGGRESSIVE;
				GCC_WARN_UNUSED_FUNCTION = YES;
				GCC_WARN_UNUSED_VARIABLE = YES;
				IPHONEOS_DEPLOYMENT_TARGET = 18.4;
				LOCALIZATION_PREFERS_STRING_CATALOGS = YES;
				MTL_ENABLE_DEBUG_INFO = NO;
				MTL_FAST_MATH = YES;
				SDKROOT = iphoneos;
				SWIFT_COMPILATION_MODE = wholemodule;
				VALIDATE_PRODUCT = YES;
			};
			name = Release;
		};
		06E45C772DBE88E400278C99 /* Debug */ = {
			isa = XCBuildConfiguration;
			baseConfigurationReference = E93FE765A3301F1F8A174820 /* Pods-Task Fortress.debug.xcconfig */;
			buildSettings = {
				ASSETCATALOG_COMPILER_APPICON_NAME = AppIcon;
				ASSETCATALOG_COMPILER_GLOBAL_ACCENT_COLOR_NAME = AccentColor;
				CODE_SIGN_STYLE = Automatic;
				CURRENT_PROJECT_VERSION = 1;
				DEVELOPMENT_TEAM = 3UVAFC82ET;
				ENABLE_PREVIEWS = YES;
				GENERATE_INFOPLIST_FILE = YES;
				INFOPLIST_KEY_UIApplicationSceneManifest_Generation = YES;
				INFOPLIST_KEY_UIApplicationSupportsIndirectInputEvents = YES;
				INFOPLIST_KEY_UILaunchScreen_Generation = YES;
				INFOPLIST_KEY_UISupportedInterfaceOrientations_iPad = "UIInterfaceOrientationPortrait UIInterfaceOrientationPortraitUpsideDown UIInterfaceOrientationLandscapeLeft UIInterfaceOrientationLandscapeRight";
				INFOPLIST_KEY_UISupportedInterfaceOrientations_iPhone = "UIInterfaceOrientationPortrait UIInterfaceOrientationLandscapeLeft UIInterfaceOrientationLandscapeRight";
				LD_RUNPATH_SEARCH_PATHS = (
					"$(inherited)",
					"@executable_path/Frameworks",
				);
				MARKETING_VERSION = 1.0;
				PRODUCT_BUNDLE_IDENTIFIER = "au.com.resourcefulsoftware.taskfortress.Task-Fortress";
				PRODUCT_NAME = "$(TARGET_NAME)";
				SWIFT_EMIT_LOC_STRINGS = YES;
				SWIFT_VERSION = 5.0;
				TARGETED_DEVICE_FAMILY = "1,2";
			};
			name = Debug;
		};
		06E45C782DBE88E400278C99 /* Release */ = {
			isa = XCBuildConfiguration;
			baseConfigurationReference = 22DB4CA738CD2E689EE9ABAA /* Pods-Task Fortress.release.xcconfig */;
			buildSettings = {
				ASSETCATALOG_COMPILER_APPICON_NAME = AppIcon;
				ASSETCATALOG_COMPILER_GLOBAL_ACCENT_COLOR_NAME = AccentColor;
				CODE_SIGN_STYLE = Automatic;
				CURRENT_PROJECT_VERSION = 1;
				DEVELOPMENT_TEAM = 3UVAFC82ET;
				ENABLE_PREVIEWS = YES;
				GENERATE_INFOPLIST_FILE = YES;
				INFOPLIST_KEY_UIApplicationSceneManifest_Generation = YES;
				INFOPLIST_KEY_UIApplicationSupportsIndirectInputEvents = YES;
				INFOPLIST_KEY_UILaunchScreen_Generation = YES;
				INFOPLIST_KEY_UISupportedInterfaceOrientations_iPad = "UIInterfaceOrientationPortrait UIInterfaceOrientationPortraitUpsideDown UIInterfaceOrientationLandscapeLeft UIInterfaceOrientationLandscapeRight";
				INFOPLIST_KEY_UISupportedInterfaceOrientations_iPhone = "UIInterfaceOrientationPortrait UIInterfaceOrientationLandscapeLeft UIInterfaceOrientationLandscapeRight";
				LD_RUNPATH_SEARCH_PATHS = (
					"$(inherited)",
					"@executable_path/Frameworks",
				);
				MARKETING_VERSION = 1.0;
				PRODUCT_BUNDLE_IDENTIFIER = "au.com.resourcefulsoftware.taskfortress.Task-Fortress";
				PRODUCT_NAME = "$(TARGET_NAME)";
				SWIFT_EMIT_LOC_STRINGS = YES;
				SWIFT_VERSION = 5.0;
				TARGETED_DEVICE_FAMILY = "1,2";
			};
			name = Release;
		};
		06E45C7A2DBE88E400278C99 /* Debug */ = {
			isa = XCBuildConfiguration;
			baseConfigurationReference = B66E89846735A950FB2C61EB /* Pods-Task FortressTests.debug.xcconfig */;
			buildSettings = {
				BUNDLE_LOADER = "$(TEST_HOST)";
				CODE_SIGN_STYLE = Automatic;
				CURRENT_PROJECT_VERSION = 1;
				DEVELOPMENT_TEAM = 3UVAFC82ET;
				GENERATE_INFOPLIST_FILE = YES;
				IPHONEOS_DEPLOYMENT_TARGET = 18.4;
				MARKETING_VERSION = 1.0;
				PRODUCT_BUNDLE_IDENTIFIER = "au.com.resourcefulsoftware.taskfortress.Task-FortressTests";
				PRODUCT_NAME = "$(TARGET_NAME)";
				SWIFT_EMIT_LOC_STRINGS = NO;
				SWIFT_VERSION = 5.0;
				TARGETED_DEVICE_FAMILY = "1,2";
				TEST_HOST = "$(BUILT_PRODUCTS_DIR)/Task Fortress.app/$(BUNDLE_EXECUTABLE_FOLDER_PATH)/Task Fortress";
			};
			name = Debug;
		};
		06E45C7B2DBE88E400278C99 /* Release */ = {
			isa = XCBuildConfiguration;
			baseConfigurationReference = 81D949D4BBA1A08797955D43 /* Pods-Task FortressTests.release.xcconfig */;
			buildSettings = {
				BUNDLE_LOADER = "$(TEST_HOST)";
				CODE_SIGN_STYLE = Automatic;
				CURRENT_PROJECT_VERSION = 1;
				DEVELOPMENT_TEAM = 3UVAFC82ET;
				GENERATE_INFOPLIST_FILE = YES;
				IPHONEOS_DEPLOYMENT_TARGET = 18.4;
				MARKETING_VERSION = 1.0;
				PRODUCT_BUNDLE_IDENTIFIER = "au.com.resourcefulsoftware.taskfortress.Task-FortressTests";
				PRODUCT_NAME = "$(TARGET_NAME)";
				SWIFT_EMIT_LOC_STRINGS = NO;
				SWIFT_VERSION = 5.0;
				TARGETED_DEVICE_FAMILY = "1,2";
				TEST_HOST = "$(BUILT_PRODUCTS_DIR)/Task Fortress.app/$(BUNDLE_EXECUTABLE_FOLDER_PATH)/Task Fortress";
			};
			name = Release;
		};
		06E45C7D2DBE88E400278C99 /* Debug */ = {
			isa = XCBuildConfiguration;
			baseConfigurationReference = A011FB4CCF32B9B998B41DF6 /* Pods-Task Fortress-Task FortressUITests.debug.xcconfig */;
			buildSettings = {
				CODE_SIGN_STYLE = Automatic;
				CURRENT_PROJECT_VERSION = 1;
				DEVELOPMENT_TEAM = 3UVAFC82ET;
				GENERATE_INFOPLIST_FILE = YES;
				MARKETING_VERSION = 1.0;
				PRODUCT_BUNDLE_IDENTIFIER = "au.com.resourcefulsoftware.taskfortress.Task-FortressUITests";
				PRODUCT_NAME = "$(TARGET_NAME)";
				SWIFT_EMIT_LOC_STRINGS = NO;
				SWIFT_VERSION = 5.0;
				TARGETED_DEVICE_FAMILY = "1,2";
				TEST_TARGET_NAME = "Task Fortress";
			};
			name = Debug;
		};
		06E45C7E2DBE88E400278C99 /* Release */ = {
			isa = XCBuildConfiguration;
			baseConfigurationReference = 6696273E0A6CF422D38A3951 /* Pods-Task Fortress-Task FortressUITests.release.xcconfig */;
			buildSettings = {
				CODE_SIGN_STYLE = Automatic;
				CURRENT_PROJECT_VERSION = 1;
				DEVELOPMENT_TEAM = 3UVAFC82ET;
				GENERATE_INFOPLIST_FILE = YES;
				MARKETING_VERSION = 1.0;
				PRODUCT_BUNDLE_IDENTIFIER = "au.com.resourcefulsoftware.taskfortress.Task-FortressUITests";
				PRODUCT_NAME = "$(TARGET_NAME)";
				SWIFT_EMIT_LOC_STRINGS = NO;
				SWIFT_VERSION = 5.0;
				TARGETED_DEVICE_FAMILY = "1,2";
				TEST_TARGET_NAME = "Task Fortress";
			};
			name = Release;
		};
/* End XCBuildConfiguration section */

/* Begin XCConfigurationList section */
		06E45C502DBE88E300278C99 /* Build configuration list for PBXProject "Task Fortress" */ = {
			isa = XCConfigurationList;
			buildConfigurations = (
				06E45C742DBE88E400278C99 /* Debug */,
				06E45C752DBE88E400278C99 /* Release */,
			);
			defaultConfigurationIsVisible = 0;
			defaultConfigurationName = Release;
		};
		06E45C762DBE88E400278C99 /* Build configuration list for PBXNativeTarget "Task Fortress" */ = {
			isa = XCConfigurationList;
			buildConfigurations = (
				06E45C772DBE88E400278C99 /* Debug */,
				06E45C782DBE88E400278C99 /* Release */,
			);
			defaultConfigurationIsVisible = 0;
			defaultConfigurationName = Release;
		};
		06E45C792DBE88E400278C99 /* Build configuration list for PBXNativeTarget "Task FortressTests" */ = {
			isa = XCConfigurationList;
			buildConfigurations = (
				06E45C7A2DBE88E400278C99 /* Debug */,
				06E45C7B2DBE88E400278C99 /* Release */,
			);
			defaultConfigurationIsVisible = 0;
			defaultConfigurationName = Release;
		};
		06E45C7C2DBE88E400278C99 /* Build configuration list for PBXNativeTarget "Task FortressUITests" */ = {
			isa = XCConfigurationList;
			buildConfigurations = (
				06E45C7D2DBE88E400278C99 /* Debug */,
				06E45C7E2DBE88E400278C99 /* Release */,
			);
			defaultConfigurationIsVisible = 0;
			defaultConfigurationName = Release;
		};
/* End XCConfigurationList section */
	};
	rootObject = 06E45C4D2DBE88E300278C99 /* Project object */;
}
